{
  "name": "Javascript",
  "lockfileVersion": 3,
  "requires": true,
  "packages": {
    "": {
      "name": "Javascript",
      "dependencies": {
        "module": "^0.0.1"
      }
    },
    "node_modules/module": {
      "version": "0.0.1",
      "resolved": "https://registry.npmjs.org/module/-/module-0.0.1.tgz",
      "integrity": "sha512-dVw4XQCuEMeZ0iPoWW/34P5ZWbTbMFnuAie+hffYn2Si9NNLU/vnRFZJMOhUV6xZgMbVINObl5CKqcxyzSw7/Q==",
      "engines": {
        "node": ">= 0.2.9 < 0.7.0"
      }
    }
  }
}
